lockfileVersion: '6.0'

settings:
  autoInstallPeers: true
  excludeLinksFromLockfile: false

dependencies:
  add:
    specifier: ^2.0.6
    version: 2.0.6
  pnpm:
    specifier: ^9.0.6
    version: 9.0.6

packages:

  /add@2.0.6:
    resolution: {integrity: sha512-j5QzrmsokwWWp6kUcJQySpbG+xfOBqqKnup3OIk1pz+kB/80SLorZ9V8zHFLO92Lcd+hbvq8bT+zOGoPkmBV0Q==}
    dev: false

  /pnpm@9.0.6:
    resolution: {integrity: sha512-9thjEwlzIHy3ozbWtDmiQqJqyAaAd99TDWqGBpQZhT3B/+ZAKexZSpxQWjpBDRlkPIcKumd2Mw9c/dzxCpwWFw==}
    engines: {node: '>=18.12'}
    hasBin: true
    dev: false
